
Microsoft Visual Studio Solution File, Format Version 12.00
# Visual Studio Version 16
VisualStudioVersion = 16.0.32106.194
MinimumVisualStudioVersion = 10.0.40219.1
Project("{FAE04EC0-301F-11D3-BF4B-00C04F79EFBC}") = "WindowsFormsApp4", "WindowsFormsApp4\WindowsFormsApp4.csproj", "{61CEE473-07C9-4BB5-A571-30DC481A27EE}"
EndProject
Global
	GlobalSection(SolutionConfigurationPlatforms) = preSolution
		Debug|Any CPU = Debug|Any CPU
		Release|Any CPU = Release|Any CPU
	EndGlobalSection
	GlobalSection(ProjectConfigurationPlatforms) = postSolution
		{61CEE473-07C9-4BB5-A571-30DC481A27EE}.Debug|Any CPU.ActiveCfg = Debug|Any CPU
		{61CEE473-07C9-4BB5-A571-30DC481A27EE}.Debug|Any CPU.Build.0 = Debug|Any CPU
		{61CEE473-07C9-4BB5-A571-30DC481A27EE}.Release|Any CPU.ActiveCfg = Release|Any CPU
		{61CEE473-07C9-4BB5-A571-30DC481A27EE}.Release|Any CPU.Build.0 = Release|Any CPU
	EndGlobalSection
	GlobalSection(SolutionProperties) = preSolution
		HideSolutionNode = FALSE
	EndGlobalSection
	GlobalSection(ExtensibilityGlobals) = postSolution
		SolutionGuid = {53A4BE0A-8FDF-487C-BE09-8C4AE0019FE7}
	EndGlobalSection
EndGlobal
